
Microsoft Visual Studio Solution File, Format Version 12.00
# Visual Studio 14
VisualStudioVersion = 14.0.23107.0
MinimumVisualStudioVersion = 10.0.40219.1
Project("{FAE04EC0-301F-11D3-BF4B-00C04F79EFBC}") = "PlanetEditorV2", "PlanetEditorV2\PlanetEditorV2.csproj", "{C756FF1D-AA4D-4828-A5C0-D1ABA15F0EC7}"
EndProject
Global
	GlobalSection(SolutionConfigurationPlatforms) = preSolution
		Debug|Any CPU = Debug|Any CPU
		Release|Any CPU = Release|Any CPU
	EndGlobalSection
	GlobalSection(ProjectConfigurationPlatforms) = postSolution
		{C756FF1D-AA4D-4828-A5C0-D1ABA15F0EC7}.Debug|Any CPU.ActiveCfg = Debug|Any CPU
		{C756FF1D-AA4D-4828-A5C0-D1ABA15F0EC7}.Debug|Any CPU.Build.0 = Debug|Any CPU
		{C756FF1D-AA4D-4828-A5C0-D1ABA15F0EC7}.Release|Any CPU.ActiveCfg = Release|Any CPU
		{C756FF1D-AA4D-4828-A5C0-D1ABA15F0EC7}.Release|Any CPU.Build.0 = Release|Any CPU
	EndGlobalSection
	GlobalSection(SolutionProperties) = preSolution
		HideSolutionNode = FALSE
	EndGlobalSection
EndGlobal
